
Microsoft Visual Studio Solution File, Format Version 12.00
# Visual Studio Version 17
VisualStudioVersion = 17.4.33213.308
MinimumVisualStudioVersion = 10.0.40219.1
Project("{FAE04EC0-301F-11D3-BF4B-00C04F79EFBC}") = "LinqPractice001", "LinqPractice001\LinqPractice001.csproj", "{1687E4DB-72DF-4D3C-B864-8E98547A50C6}"
EndProject
Project("{FAE04EC0-301F-11D3-BF4B-00C04F79EFBC}") = "LinqPractice002", "LinqPractice002\LinqPractice002.csproj", "{17657CF8-853E-41F3-AD9E-07E1AF62D0FE}"
EndProject
Global
	GlobalSection(SolutionConfigurationPlatforms) = preSolution
		Debug|Any CPU = Debug|Any CPU
		Release|Any CPU = Release|Any CPU
	EndGlobalSection
	GlobalSection(ProjectConfigurationPlatforms) = postSolution
		{1687E4DB-72DF-4D3C-B864-8E98547A50C6}.Debug|Any CPU.ActiveCfg = Debug|Any CPU
		{1687E4DB-72DF-4D3C-B864-8E98547A50C6}.Debug|Any CPU.Build.0 = Debug|Any CPU
		{1687E4DB-72DF-4D3C-B864-8E98547A50C6}.Release|Any CPU.ActiveCfg = Release|Any CPU
		{1687E4DB-72DF-4D3C-B864-8E98547A50C6}.Release|Any CPU.Build.0 = Release|Any CPU
		{17657CF8-853E-41F3-AD9E-07E1AF62D0FE}.Debug|Any CPU.ActiveCfg = Debug|Any CPU
		{17657CF8-853E-41F3-AD9E-07E1AF62D0FE}.Debug|Any CPU.Build.0 = Debug|Any CPU
		{17657CF8-853E-41F3-AD9E-07E1AF62D0FE}.Release|Any CPU.ActiveCfg = Release|Any CPU
		{17657CF8-853E-41F3-AD9E-07E1AF62D0FE}.Release|Any CPU.Build.0 = Release|Any CPU
	EndGlobalSection
	GlobalSection(SolutionProperties) = preSolution
		HideSolutionNode = FALSE
	EndGlobalSection
	GlobalSection(ExtensibilityGlobals) = postSolution
		SolutionGuid = {E6567039-8FC5-4368-8586-2D3611EF902C}
	EndGlobalSection
EndGlobal
